github.com/dee-Rajak/dog v0.0.0-20240730103823-bae2e799f938 h1:NYJpdLx7IxuC3qtE7mn99dfKep9Mk4WQvCv/cTD8hSc=
github.com/dee-Rajak/dog v0.0.0-20240730103823-bae2e799f938/go.mod h1:TbmPUtwLzCyHoLN4mAoclIOcsawT1xi9j+k8ivWmUQ4=
github.com/dee-Rajak/dog v0.0.0-20240730104907-0d3f4939cbba h1:g5exjVW2J4x0olT7u6/GOqTDk8VFNIPNhnW1yWUYBhk=
github.com/dee-Rajak/dog v0.0.0-20240730104907-0d3f4939cbba/go.mod h1:uiPbBNU2efYYQyDX6KAdgFkKkgSIAYLhdLuc04mOQTI=
